{
  "originHash" : "e6155bcb55384e0fcde0a157fe2ab6f9ec771195d96ecdac0026f000177a4685",
  "pins" : [
    {
      "identity" : "clerk-ios",
      "kind" : "remoteSourceControl",
      "location" : "https://github.com/clerk/clerk-ios",
      "state" : {
        "revision" : "a28b674054d3cfea62d18aacbb52e581ecbb8c8f",
        "version" : "1.0.7"
      }
    },
    {
      "identity" : "nuke",
      "kind" : "remoteSourceControl",
      "location" : "https://github.com/kean/Nuke.git",
      "state" : {
        "revision" : "83e19143355b02e9261edb2323b3e1e93287ebb9",
        "version" : "12.9.0"
      }
    },
    {
      "identity" : "phonenumberkit",
      "kind" : "remoteSourceControl",
      "location" : "https://github.com/marmelroy/PhoneNumberKit",
      "state" : {
        "revision" : "54f678c2fb115e68bb173face494954c1de9df10",
        "version" : "4.2.8"
      }
    }
  ],
  "version" : 3
}
